{
  "nodes": {
    "chromix": {
      "inputs": {
        "nixpkgs": [
          "nixpkgs"
        ]
      },
      "locked": {
        "lastModified": 1790673968,
        "narHash": "sha256-PldbccxuKUHSH959zYtqqYm6giMcn1U6qjlYvgMhex0=",
        "ref": "refs/heads/main",
        "rev": "732b1b9a5b51ffe95ab6a8659f9dee0e230552d8",
        "revCount": 7,
        "type": "git",
        "url": "ssh://git@github.com/Numb-0/chromix"
      },
      "original": {
        "type": "git",
        "url": "ssh://git@github.com/Numb-0/chromix"
      }
    },
    "home-manager": {
      "inputs": {
        "nixpkgs": [
          "nixpkgs"
        ]
      },
      "locked": {
        "lastModified": 1790365885,
        "narHash": "sha256-iQ0ebhiVo64NktTnwft9hNxlFu4j5cvljVxyJaEVIP4=",
        "owner": "nix-community",
        "repo": "home-manager",
        "rev": "7b4c5ec4bedaf1e062bbc1bcaeddbc6bd242aa1b",
        "type": "github"
      },
      "original": {
        "owner": "nix-community",
        "ref": "master",
        "repo": "home-manager",
        "type": "github"
      }
    },
    "morph-shell": {
      "inputs": {
        "nixpkgs": [
          "nixpkgs"
        ]
      },
      "locked": {
        "lastModified": 1790670673,
        "narHash": "sha256-n93QjGuRBtyT3vn7wqjzxkcPeYyk1UmcaKyOsCLgFmc=",
        "ref": "refs/heads/main",
        "rev": "aea8890b647b74b6ac268287d316e3733916afa0",
        "revCount": 26,
        "type": "git",
        "url": "ssh://git@github.com/Numb-0/morph-shell"
      },
      "original": {
        "type": "git",
        "url": "ssh://git@github.com/Numb-0/morph-shell"
      }
    },
    "nixos-hardware": {
      "inputs": {
        "nixpkgs": "nixpkgs"
      },
      "locked": {
        "lastModified": 1790321948,
        "narHash": "sha256-mZGHLGi217oLIwzDM4PNRZeCNa6g2WBXURyXbNMFs7Y=",
        "owner": "NixOS",
        "repo": "nixos-hardware",
        "rev": "30d48a0ec6035f8140d0125af274f0de95f1e9b5",
        "type": "github"
      },
      "original": {
        "owner": "NixOS",
        "ref": "master",
        "repo": "nixos-hardware",
        "type": "github"
      }
    },
    "nixpkgs": {
      "locked": {
        "lastModified": 1789546076,
        "narHash": "sha256-vWkSk5bbfTqdtMoSgD9FshACO8JCvXTFi+3cqEp0mH0=",
        "rev": "b1b875982b17dabde9b4a37f3e229e74913e6db3",
        "type": "tarball",
        "url": "https://releases.nixos.org/nixos/unstable/nixos-26.11pre1074753.b1b875982b17/nixexprs.tar.xz"
      },
      "original": {
        "type": "tarball",
        "url": "https://channels.nixos.org/nixos-unstable/nixexprs.tar.xz"
      }
    },
    "nixpkgs_2": {
      "locked": {
        "lastModified": 1790578696,
        "narHash": "sha256-ZoxIApko70jCdbH3l20HWXOBaT2HZd87orzd2yJ9dVE=",
        "owner": "nixos",
        "repo": "nixpkgs",
        "rev": "7a0f122f5090cf4c2ade2a13a0e229d4e19ba71f",
        "type": "github"
      },
      "original": {
        "owner": "nixos",
        "ref": "nixos-unstable",
        "repo": "nixpkgs",
        "type": "github"
      }
    },
    "root": {
      "inputs": {
        "chromix": "chromix",
        "home-manager": "home-manager",
        "morph-shell": "morph-shell",
        "nixos-hardware": "nixos-hardware",
        "nixpkgs": "nixpkgs_2"
      }
    }
  },
  "root": "root",
  "version": 7
}
