{
  "nodes": {
    "chromix": {
      "inputs": {
        "nixpkgs": [
          "nixpkgs"
        ]
      },
      "locked": {
        "lastModified": 1790766187,
        "narHash": "sha256-f5BGK0PMMz29j96XVolrtR07ZBelTbQkYJ7vF+LqdD8=",
        "ref": "refs/heads/main",
        "rev": "4c76404ca7d1c8cdfe0ada2ed96dc0f4a19f6123",
        "revCount": 10,
        "type": "git",
        "url": "ssh://git@github.com/Numb-0/chromix"
      },
      "original": {
        "type": "git",
        "url": "ssh://git@github.com/Numb-0/chromix"
      }
    },
    "home-manager": {
      "inputs": {
        "nixpkgs": [
          "nixpkgs"
        ]
      },
      "locked": {
        "lastModified": 1790742230,
        "narHash": "sha256-5399J1/O3DyLSsYGVa950JtOUDB9Reqvy7FhfDuTVzk=",
        "owner": "nix-community",
        "repo": "home-manager",
        "rev": "0aefa652eb6fd8b7396af25e8c81cb0790f12cc2",
        "type": "github"
      },
      "original": {
        "owner": "nix-community",
        "ref": "master",
        "repo": "home-manager",
        "type": "github"
      }
    },
    "morph-shell": {
      "inputs": {
        "nixpkgs": [
          "nixpkgs"
        ]
      },
      "locked": {
        "lastModified": 1790767467,
        "narHash": "sha256-6PXnAQTVtbU3k9TEuD/jKvVIvTzX/+2kEVmTrpARSBE=",
        "ref": "refs/heads/main",
        "rev": "2c0309cd5b541da929897aeb3fd35ffb49f65df9",
        "revCount": 53,
        "type": "git",
        "url": "ssh://git@github.com/Numb-0/morph-shell"
      },
      "original": {
        "type": "git",
        "url": "ssh://git@github.com/Numb-0/morph-shell"
      }
    },
    "nixos-hardware": {
      "inputs": {
        "nixpkgs": "nixpkgs"
      },
      "locked": {
        "lastModified": 1790722812,
        "narHash": "sha256-XwFt1uLyaBCQU1/nUeGqeBnqNXPVgGRnz20YVYdmF6Y=",
        "owner": "NixOS",
        "repo": "nixos-hardware",
        "rev": "06f9ecaea5f64b6ff61cf42cb32f21621c4fa14a",
        "type": "github"
      },
      "original": {
        "owner": "NixOS",
        "ref": "master",
        "repo": "nixos-hardware",
        "type": "github"
      }
    },
    "nixpkgs": {
      "locked": {
        "lastModified": 1789546076,
        "narHash": "sha256-vWkSk5bbfTqdtMoSgD9FshACO8JCvXTFi+3cqEp0mH0=",
        "rev": "b1b875982b17dabde9b4a37f3e229e74913e6db3",
        "type": "tarball",
        "url": "https://releases.nixos.org/nixos/unstable/nixos-26.11pre1074753.b1b875982b17/nixexprs.tar.xz"
      },
      "original": {
        "type": "tarball",
        "url": "https://channels.nixos.org/nixos-unstable/nixexprs.tar.xz"
      }
    },
    "nixpkgs_2": {
      "locked": {
        "lastModified": 1790689126,
        "narHash": "sha256-ilerN1WLSvF+HMjziC/Wv99J5y02maDH+6hZPwsORKg=",
        "owner": "nixos",
        "repo": "nixpkgs",
        "rev": "b4fd65b198c599cbe814fcb9f42d25d021595ec9",
        "type": "github"
      },
      "original": {
        "owner": "nixos",
        "ref": "nixos-unstable",
        "repo": "nixpkgs",
        "type": "github"
      }
    },
    "root": {
      "inputs": {
        "chromix": "chromix",
        "home-manager": "home-manager",
        "morph-shell": "morph-shell",
        "nixos-hardware": "nixos-hardware",
        "nixpkgs": "nixpkgs_2"
      }
    }
  },
  "root": "root",
  "version": 7
}
